
Microsoft Visual Studio Solution File, Format Version 12.00
# Visual Studio 15
VisualStudioVersion = 15.0.28307.757
MinimumVisualStudioVersion = 10.0.40219.1
Project("{FAE04EC0-301F-11D3-BF4B-00C04F79EFBC}") = "NameGen", "NameGen\NameGen.csproj", "{3D59FCBB-2646-44B5-9205-26A92C0399F5}"
EndProject
Project("{FAE04EC0-301F-11D3-BF4B-00C04F79EFBC}") = "PlanetGen", "PlanetGen\PlanetGen.csproj", "{919F3F66-9E5D-41E3-BD57-18336D8B03C4}"
EndProject
Global
	GlobalSection(SolutionConfigurationPlatforms) = preSolution
		Debug|Any CPU = Debug|Any CPU
		Release|Any CPU = Release|Any CPU
	EndGlobalSection
	GlobalSection(ProjectConfigurationPlatforms) = postSolution
		{3D59FCBB-2646-44B5-9205-26A92C0399F5}.Debug|Any CPU.ActiveCfg = Debug|Any CPU
		{3D59FCBB-2646-44B5-9205-26A92C0399F5}.Debug|Any CPU.Build.0 = Debug|Any CPU
		{3D59FCBB-2646-44B5-9205-26A92C0399F5}.Release|Any CPU.ActiveCfg = Release|Any CPU
		{3D59FCBB-2646-44B5-9205-26A92C0399F5}.Release|Any CPU.Build.0 = Release|Any CPU
		{919F3F66-9E5D-41E3-BD57-18336D8B03C4}.Debug|Any CPU.ActiveCfg = Debug|Any CPU
		{919F3F66-9E5D-41E3-BD57-18336D8B03C4}.Debug|Any CPU.Build.0 = Debug|Any CPU
		{919F3F66-9E5D-41E3-BD57-18336D8B03C4}.Release|Any CPU.ActiveCfg = Release|Any CPU
		{919F3F66-9E5D-41E3-BD57-18336D8B03C4}.Release|Any CPU.Build.0 = Release|Any CPU
	EndGlobalSection
	GlobalSection(SolutionProperties) = preSolution
		HideSolutionNode = FALSE
	EndGlobalSection
	GlobalSection(ExtensibilityGlobals) = postSolution
		SolutionGuid = {BD34A88C-FDDA-4E20-86F5-FB6E1F4E8066}
	EndGlobalSection
EndGlobal
